
Microsoft Visual Studio Solution File, Format Version 12.00
# Visual Studio Version 17
VisualStudioVersion = 17.2.32210.308
MinimumVisualStudioVersion = 10.0.40219.1
Project("{9A19103F-16F7-4668-BE54-9A1E7A4F7556}") = "Client.WPF", "Client.WPF.csproj", "{751CC325-C5AB-44A9-AEC0-95B44758650E}"
EndProject
Global
	GlobalSection(SolutionConfigurationPlatforms) = preSolution
		Debug|Any CPU = Debug|Any CPU
		Release|Any CPU = Release|Any CPU
	EndGlobalSection
	GlobalSection(ProjectConfigurationPlatforms) = postSolution
		{751CC325-C5AB-44A9-AEC0-95B44758650E}.Debug|Any CPU.ActiveCfg = Debug|Any CPU
		{751CC325-C5AB-44A9-AEC0-95B44758650E}.Debug|Any CPU.Build.0 = Debug|Any CPU
		{751CC325-C5AB-44A9-AEC0-95B44758650E}.Release|Any CPU.ActiveCfg = Release|Any CPU
		{751CC325-C5AB-44A9-AEC0-95B44758650E}.Release|Any CPU.Build.0 = Release|Any CPU
	EndGlobalSection
	GlobalSection(SolutionProperties) = preSolution
		HideSolutionNode = FALSE
	EndGlobalSection
	GlobalSection(ExtensibilityGlobals) = postSolution
		SolutionGuid = {70924714-C5D1-4124-BADC-380145270628}
	EndGlobalSection
EndGlobal
